
Microsoft Visual Studio Solution File, Format Version 12.00
Project("{FAE04EC0-301F-11D3-BF4B-00C04F79EFBC}") = "EventPublisher", "EventPublisher\EventPublisher.csproj", "{06380B78-23F2-4C81-BAB3-0FA2138B3685}"
EndProject
Project("{FAE04EC0-301F-11D3-BF4B-00C04F79EFBC}") = "Orders", "Orders\Orders.csproj", "{60A1F939-E0D2-4B16-80CC-B56762661FCF}"
EndProject
Project("{FAE04EC0-301F-11D3-BF4B-00C04F79EFBC}") = "Payments", "Payments\Payments.csproj", "{859717DE-01D0-4A01-BFE8-B355FCA2733B}"
EndProject
Project("{FAE04EC0-301F-11D3-BF4B-00C04F79EFBC}") = "Common", "Common\Common.csproj", "{24BCFDB4-B61B-4E1A-AE98-80CAA88AF187}"
EndProject
Project("{FAE04EC0-301F-11D3-BF4B-00C04F79EFBC}") = "EventPublisher.Tests", "EventPublisher.Tests\EventPublisher.Tests.csproj", "{D076EDC5-5B14-469E-B94C-100B8A936730}"
EndProject
Project("{2150E333-8FDC-42A3-9474-1A3956D46DE8}") = "Tests", "Tests", "{E56BB287-AC4D-4DBC-A4EB-CFA3FC38953C}"
EndProject
Project("{FAE04EC0-301F-11D3-BF4B-00C04F79EFBC}") = "Common.Tests", "Common.Tests\Common.Tests.csproj", "{228C2959-93E8-4FDA-B5CB-1A55AD2DFCE9}"
EndProject
Global
	GlobalSection(SolutionConfigurationPlatforms) = preSolution
		Debug|Any CPU = Debug|Any CPU
		Release|Any CPU = Release|Any CPU
	EndGlobalSection
	GlobalSection(ProjectConfigurationPlatforms) = postSolution
		{06380B78-23F2-4C81-BAB3-0FA2138B3685}.Debug|Any CPU.ActiveCfg = Debug|Any CPU
		{06380B78-23F2-4C81-BAB3-0FA2138B3685}.Debug|Any CPU.Build.0 = Debug|Any CPU
		{06380B78-23F2-4C81-BAB3-0FA2138B3685}.Release|Any CPU.ActiveCfg = Release|Any CPU
		{06380B78-23F2-4C81-BAB3-0FA2138B3685}.Release|Any CPU.Build.0 = Release|Any CPU
		{60A1F939-E0D2-4B16-80CC-B56762661FCF}.Debug|Any CPU.ActiveCfg = Debug|Any CPU
		{60A1F939-E0D2-4B16-80CC-B56762661FCF}.Debug|Any CPU.Build.0 = Debug|Any CPU
		{60A1F939-E0D2-4B16-80CC-B56762661FCF}.Release|Any CPU.ActiveCfg = Release|Any CPU
		{60A1F939-E0D2-4B16-80CC-B56762661FCF}.Release|Any CPU.Build.0 = Release|Any CPU
		{859717DE-01D0-4A01-BFE8-B355FCA2733B}.Debug|Any CPU.ActiveCfg = Debug|Any CPU
		{859717DE-01D0-4A01-BFE8-B355FCA2733B}.Debug|Any CPU.Build.0 = Debug|Any CPU
		{859717DE-01D0-4A01-BFE8-B355FCA2733B}.Release|Any CPU.ActiveCfg = Release|Any CPU
		{859717DE-01D0-4A01-BFE8-B355FCA2733B}.Release|Any CPU.Build.0 = Release|Any CPU
		{24BCFDB4-B61B-4E1A-AE98-80CAA88AF187}.Debug|Any CPU.ActiveCfg = Debug|Any CPU
		{24BCFDB4-B61B-4E1A-AE98-80CAA88AF187}.Debug|Any CPU.Build.0 = Debug|Any CPU
		{24BCFDB4-B61B-4E1A-AE98-80CAA88AF187}.Release|Any CPU.ActiveCfg = Release|Any CPU
		{24BCFDB4-B61B-4E1A-AE98-80CAA88AF187}.Release|Any CPU.Build.0 = Release|Any CPU
		{D076EDC5-5B14-469E-B94C-100B8A936730}.Debug|Any CPU.ActiveCfg = Debug|Any CPU
		{D076EDC5-5B14-469E-B94C-100B8A936730}.Debug|Any CPU.Build.0 = Debug|Any CPU
		{D076EDC5-5B14-469E-B94C-100B8A936730}.Release|Any CPU.ActiveCfg = Release|Any CPU
		{D076EDC5-5B14-469E-B94C-100B8A936730}.Release|Any CPU.Build.0 = Release|Any CPU
		{228C2959-93E8-4FDA-B5CB-1A55AD2DFCE9}.Debug|Any CPU.ActiveCfg = Debug|Any CPU
		{228C2959-93E8-4FDA-B5CB-1A55AD2DFCE9}.Debug|Any CPU.Build.0 = Debug|Any CPU
		{228C2959-93E8-4FDA-B5CB-1A55AD2DFCE9}.Release|Any CPU.ActiveCfg = Release|Any CPU
		{228C2959-93E8-4FDA-B5CB-1A55AD2DFCE9}.Release|Any CPU.Build.0 = Release|Any CPU
	EndGlobalSection
	GlobalSection(NestedProjects) = preSolution
		{D076EDC5-5B14-469E-B94C-100B8A936730} = {E56BB287-AC4D-4DBC-A4EB-CFA3FC38953C}
		{228C2959-93E8-4FDA-B5CB-1A55AD2DFCE9} = {E56BB287-AC4D-4DBC-A4EB-CFA3FC38953C}
	EndGlobalSection
EndGlobal
